
Microsoft Visual Studio Solution File, Format Version 12.00
# Visual Studio 15
VisualStudioVersion = 15.0.26730.16
MinimumVisualStudioVersion = 10.0.40219.1
Project("{FAE04EC0-301F-11D3-BF4B-00C04F79EFBC}") = "csharp", "csharp.csproj", "{176C0214-9136-4079-8DAB-11D7420C3881}"
EndProject
Project("{FAE04EC0-301F-11D3-BF4B-00C04F79EFBC}") = "AgedBrieTest.cs", "AgedBrieTest.cs\AgedBrieTest.cs.csproj", "{954AAF47-3F89-4176-8558-7B740E8897B9}"
EndProject
Project("{FAE04EC0-301F-11D3-BF4B-00C04F79EFBC}") = "BackstagePassesTest", "UnitTestProject1\BackstagePassesTest.csproj", "{09D70303-62D7-4744-9A33-318DEDB035C3}"
EndProject
Project("{FAE04EC0-301F-11D3-BF4B-00C04F79EFBC}") = "UnitTestProject1", "..\UnitTestProject1\UnitTestProject1.csproj", "{EEE854AA-7F6C-4736-A702-B985C7EB94DD}"
EndProject
Project("{FAE04EC0-301F-11D3-BF4B-00C04F79EFBC}") = "UnitTestProject2", "UnitTestProject2\UnitTestProject2.csproj", "{D991644E-FB86-4090-8861-0358034EFFB2}"
EndProject
Global
	GlobalSection(SolutionConfigurationPlatforms) = preSolution
		Debug|Any CPU = Debug|Any CPU
		Release|Any CPU = Release|Any CPU
	EndGlobalSection
	GlobalSection(ProjectConfigurationPlatforms) = postSolution
		{176C0214-9136-4079-8DAB-11D7420C3881}.Debug|Any CPU.ActiveCfg = Debug|Any CPU
		{176C0214-9136-4079-8DAB-11D7420C3881}.Debug|Any CPU.Build.0 = Debug|Any CPU
		{176C0214-9136-4079-8DAB-11D7420C3881}.Release|Any CPU.ActiveCfg = Release|Any CPU
		{176C0214-9136-4079-8DAB-11D7420C3881}.Release|Any CPU.Build.0 = Release|Any CPU
		{954AAF47-3F89-4176-8558-7B740E8897B9}.Debug|Any CPU.ActiveCfg = Debug|Any CPU
		{954AAF47-3F89-4176-8558-7B740E8897B9}.Debug|Any CPU.Build.0 = Debug|Any CPU
		{954AAF47-3F89-4176-8558-7B740E8897B9}.Release|Any CPU.ActiveCfg = Release|Any CPU
		{954AAF47-3F89-4176-8558-7B740E8897B9}.Release|Any CPU.Build.0 = Release|Any CPU
		{09D70303-62D7-4744-9A33-318DEDB035C3}.Debug|Any CPU.ActiveCfg = Debug|Any CPU
		{09D70303-62D7-4744-9A33-318DEDB035C3}.Debug|Any CPU.Build.0 = Debug|Any CPU
		{09D70303-62D7-4744-9A33-318DEDB035C3}.Release|Any CPU.ActiveCfg = Release|Any CPU
		{09D70303-62D7-4744-9A33-318DEDB035C3}.Release|Any CPU.Build.0 = Release|Any CPU
		{EEE854AA-7F6C-4736-A702-B985C7EB94DD}.Debug|Any CPU.ActiveCfg = Debug|Any CPU
		{EEE854AA-7F6C-4736-A702-B985C7EB94DD}.Debug|Any CPU.Build.0 = Debug|Any CPU
		{EEE854AA-7F6C-4736-A702-B985C7EB94DD}.Release|Any CPU.ActiveCfg = Release|Any CPU
		{EEE854AA-7F6C-4736-A702-B985C7EB94DD}.Release|Any CPU.Build.0 = Release|Any CPU
		{D991644E-FB86-4090-8861-0358034EFFB2}.Debug|Any CPU.ActiveCfg = Debug|Any CPU
		{D991644E-FB86-4090-8861-0358034EFFB2}.Debug|Any CPU.Build.0 = Debug|Any CPU
		{D991644E-FB86-4090-8861-0358034EFFB2}.Release|Any CPU.ActiveCfg = Release|Any CPU
		{D991644E-FB86-4090-8861-0358034EFFB2}.Release|Any CPU.Build.0 = Release|Any CPU
	EndGlobalSection
	GlobalSection(SolutionProperties) = preSolution
		HideSolutionNode = FALSE
	EndGlobalSection
	GlobalSection(ExtensibilityGlobals) = postSolution
		SolutionGuid = {2D993217-2F92-4C70-B738-DB1186A7229E}
	EndGlobalSection
EndGlobal
